// !$*UTF8*$!
{
	archiveVersion = 1;
	classes = {
	};
	objectVersion = 50;
	objects = {

/* Begin PBXBuildFile section */
		D431599325A58444003A5829 /* AppDelegate.swift in Sources */ = {isa = PBXBuildFile; fileRef = D431599225A58444003A5829 /* AppDelegate.swift */; };
		D431599525A58444003A5829 /* SceneDelegate.swift in Sources */ = {isa = PBXBuildFile; fileRef = D431599425A58444003A5829 /* SceneDelegate.swift */; };
		D431599725A58444003A5829 /* ViewController.swift in Sources */ = {isa = PBXBuildFile; fileRef = D431599625A58444003A5829 /* ViewController.swift */; };
		D431599A25A58444003A5829 /* Main.storyboard in Resources */ = {isa = PBXBuildFile; fileRef = D431599825A58444003A5829 /* Main.storyboard */; };
		D431599C25A58446003A5829 /* Assets.xcassets in Resources */ = {isa = PBXBuildFile; fileRef = D431599B25A58446003A5829 /* Assets.xcassets */; };
		D431599F25A58446003A5829 /* LaunchScreen.storyboard in Resources */ = {isa = PBXBuildFile; fileRef = D431599D25A58446003A5829 /* LaunchScreen.storyboard */; };
		D43159AA25A58447003A5829 /* CameraTests.swift in Sources */ = {isa = PBXBuildFile; fileRef = D43159A925A58447003A5829 /* CameraTests.swift */; };
		D43159B525A58447003A5829 /* CameraUITests.swift in Sources */ = {isa = PBXBuildFile; fileRef = D43159B425A58447003A5829 /* CameraUITests.swift */; };
		D4315A1D25BC46A3003A5829 /* InnerViewController.swift in Sources */ = {isa = PBXBuildFile; fileRef = D4315A1C25BC46A3003A5829 /* InnerViewController.swift */; };
		D4315A2225BC5616003A5829 /* ContinuousViewController.swift in Sources */ = {isa = PBXBuildFile; fileRef = D4315A2125BC5616003A5829 /* ContinuousViewController.swift */; };
		D4DCB54325C93C2400246A05 /* RedViewController.swift in Sources */ = {isa = PBXBuildFile; fileRef = D4DCB54225C93C2400246A05 /* RedViewController.swift */; };
		D4DCB54825C9880000246A05 /* BlueViewController.swift in Sources */ = {isa = PBXBuildFile; fileRef = D4DCB54725C987FF00246A05 /* BlueViewController.swift */; };
		D4DCB54D25C9880F00246A05 /* YellowViewController.swift in Sources */ = {isa = PBXBuildFile; fileRef = D4DCB54C25C9880F00246A05 /* YellowViewController.swift */; };
		D4DCB55225C9881C00246A05 /* GreenViewController.swift in Sources */ = {isa = PBXBuildFile; fileRef = D4DCB55125C9881C00246A05 /* GreenViewController.swift */; };
		D4DCB55725C9882700246A05 /* PinkViewController.swift in Sources */ = {isa = PBXBuildFile; fileRef = D4DCB55625C9882700246A05 /* PinkViewController.swift */; };
		D4DCB55C25C9883B00246A05 /* PurpleViewController.swift in Sources */ = {isa = PBXBuildFile; fileRef = D4DCB55B25C9883B00246A05 /* PurpleViewController.swift */; };
/* End PBXBuildFile section */

/* Begin PBXContainerItemProxy section */
		D43159A625A58447003A5829 /* PBXContainerItemProxy */ = {
			isa = PBXContainerItemProxy;
			containerPortal = D431598725A58444003A5829 /* Project object */;
			proxyType = 1;
			remoteGlobalIDString = D431598E25A58444003A5829;
			remoteInfo = Camera;
		};
		D43159B125A58447003A5829 /* PBXContainerItemProxy */ = {
			isa = PBXContainerItemProxy;
			containerPortal = D431598725A58444003A5829 /* Project object */;
			proxyType = 1;
			remoteGlobalIDString = D431598E25A58444003A5829;
			remoteInfo = Camera;
		};
/* End PBXContainerItemProxy section */

/* Begin PBXFileReference section */
		D431598F25A58444003A5829 /* Camera.app */ = {isa = PBXFileReference; explicitFileType = wrapper.application; includeInIndex = 0; path = Camera.app; sourceTree = BUILT_PRODUCTS_DIR; };
		D431599225A58444003A5829 /* AppDelegate.swift */ = {isa = PBXFileReference; lastKnownFileType = sourcecode.swift; path = AppDelegate.swift; sourceTree = "<group>"; };
		D431599425A58444003A5829 /* SceneDelegate.swift */ = {isa = PBXFileReference; lastKnownFileType = sourcecode.swift; path = SceneDelegate.swift; sourceTree = "<group>"; };
		D431599625A58444003A5829 /* ViewController.swift */ = {isa = PBXFileReference; lastKnownFileType = sourcecode.swift; path = ViewController.swift; sourceTree = "<group>"; };
		D431599925A58444003A5829 /* Base */ = {isa = PBXFileReference; lastKnownFileType = file.storyboard; name = Base; path = Base.lproj/Main.storyboard; sourceTree = "<group>"; };
		D431599B25A58446003A5829 /* Assets.xcassets */ = {isa = PBXFileReference; lastKnownFileType = folder.assetcatalog; path = Assets.xcassets; sourceTree = "<group>"; };
		D431599E25A58446003A5829 /* Base */ = {isa = PBXFileReference; lastKnownFileType = file.storyboard; name = Base; path = Base.lproj/LaunchScreen.storyboard; sourceTree = "<group>"; };
		D43159A025A58446003A5829 /* Info.plist */ = {isa = PBXFileReference; lastKnownFileType = text.plist.xml; path = Info.plist; sourceTree = "<group>"; };
		D43159A525A58447003A5829 /* CameraTests.xctest */ = {isa = PBXFileReference; explicitFileType = wrapper.cfbundle; includeInIndex = 0; path = CameraTests.xctest; sourceTree = BUILT_PRODUCTS_DIR; };
		D43159A925A58447003A5829 /* CameraTests.swift */ = {isa = PBXFileReference; lastKnownFileType = sourcecode.swift; path = CameraTests.swift; sourceTree = "<group>"; };
		D43159AB25A58447003A5829 /* Info.plist */ = {isa = PBXFileReference; lastKnownFileType = text.plist.xml; path = Info.plist; sourceTree = "<group>"; };
		D43159B025A58447003A5829 /* CameraUITests.xctest */ = {isa = PBXFileReference; explicitFileType = wrapper.cfbundle; includeInIndex = 0; path = CameraUITests.xctest; sourceTree = BUILT_PRODUCTS_DIR; };
		D43159B425A58447003A5829 /* CameraUITests.swift */ = {isa = PBXFileReference; lastKnownFileType = sourcecode.swift; path = CameraUITests.swift; sourceTree = "<group>"; };
		D43159B625A58447003A5829 /* Info.plist */ = {isa = PBXFileReference; lastKnownFileType = text.plist.xml; path = Info.plist; sourceTree = "<group>"; };
		D4315A1C25BC46A3003A5829 /* InnerViewController.swift */ = {isa = PBXFileReference; lastKnownFileType = sourcecode.swift; path = InnerViewController.swift; sourceTree = "<group>"; };
		D4315A2125BC5616003A5829 /* ContinuousViewController.swift */ = {isa = PBXFileReference; lastKnownFileType = sourcecode.swift; path = ContinuousViewController.swift; sourceTree = "<group>"; };
		D4DCB54225C93C2400246A05 /* RedViewController.swift */ = {isa = PBXFileReference; lastKnownFileType = sourcecode.swift; path = RedViewController.swift; sourceTree = "<group>"; };
		D4DCB54725C987FF00246A05 /* BlueViewController.swift */ = {isa = PBXFileReference; lastKnownFileType = sourcecode.swift; path = BlueViewController.swift; sourceTree = "<group>"; };
		D4DCB54C25C9880F00246A05 /* YellowViewController.swift */ = {isa = PBXFileReference; lastKnownFileType = sourcecode.swift; path = YellowViewController.swift; sourceTree = "<group>"; };
		D4DCB55125C9881C00246A05 /* GreenViewController.swift */ = {isa = PBXFileReference; lastKnownFileType = sourcecode.swift; path = GreenViewController.swift; sourceTree = "<group>"; };
		D4DCB55625C9882700246A05 /* PinkViewController.swift */ = {isa = PBXFileReference; lastKnownFileType = sourcecode.swift; path = PinkViewController.swift; sourceTree = "<group>"; };
		D4DCB55B25C9883B00246A05 /* PurpleViewController.swift */ = {isa = PBXFileReference; lastKnownFileType = sourcecode.swift; path = PurpleViewController.swift; sourceTree = "<group>"; };
/* End PBXFileReference section */

/* Begin PBXFrameworksBuildPhase section */
		D431598C25A58444003A5829 /* Frameworks */ = {
			isa = PBXFrameworksBuildPhase;
			buildActionMask = 2147483647;
			files = (
			);
			runOnlyForDeploymentPostprocessing = 0;
		};
		D43159A225A58447003A5829 /* Frameworks */ = {
			isa = PBXFrameworksBuildPhase;
			buildActionMask = 2147483647;
			files = (
			);
			runOnlyForDeploymentPostprocessing = 0;
		};
		D43159AD25A58447003A5829 /* Frameworks */ = {
			isa = PBXFrameworksBuildPhase;
			buildActionMask = 2147483647;
			files = (
			);
			runOnlyForDeploymentPostprocessing = 0;
		};
/* End PBXFrameworksBuildPhase section */

/* Begin PBXGroup section */
		D431598625A58444003A5829 = {
			isa = PBXGroup;
			children = (
				D431599125A58444003A5829 /* Camera */,
				D43159A825A58447003A5829 /* CameraTests */,
				D43159B325A58447003A5829 /* CameraUITests */,
				D431599025A58444003A5829 /* Products */,
			);
			sourceTree = "<group>";
		};
		D431599025A58444003A5829 /* Products */ = {
			isa = PBXGroup;
			children = (
				D431598F25A58444003A5829 /* Camera.app */,
				D43159A525A58447003A5829 /* CameraTests.xctest */,
				D43159B025A58447003A5829 /* CameraUITests.xctest */,
			);
			name = Products;
			sourceTree = "<group>";
		};
		D431599125A58444003A5829 /* Camera */ = {
			isa = PBXGroup;
			children = (
				D431599225A58444003A5829 /* AppDelegate.swift */,
				D431599425A58444003A5829 /* SceneDelegate.swift */,
				D431599625A58444003A5829 /* ViewController.swift */,
				D4315A1C25BC46A3003A5829 /* InnerViewController.swift */,
				D4315A2125BC5616003A5829 /* ContinuousViewController.swift */,
				D4DCB54225C93C2400246A05 /* RedViewController.swift */,
				D4DCB54725C987FF00246A05 /* BlueViewController.swift */,
				D4DCB54C25C9880F00246A05 /* YellowViewController.swift */,
				D4DCB55125C9881C00246A05 /* GreenViewController.swift */,
				D4DCB55625C9882700246A05 /* PinkViewController.swift */,
				D4DCB55B25C9883B00246A05 /* PurpleViewController.swift */,
				D431599825A58444003A5829 /* Main.storyboard */,
				D431599B25A58446003A5829 /* Assets.xcassets */,
				D431599D25A58446003A5829 /* LaunchScreen.storyboard */,
				D43159A025A58446003A5829 /* Info.plist */,
			);
			path = Camera;
			sourceTree = "<group>";
		};
		D43159A825A58447003A5829 /* CameraTests */ = {
			isa = PBXGroup;
			children = (
				D43159A925A58447003A5829 /* CameraTests.swift */,
				D43159AB25A58447003A5829 /* Info.plist */,
			);
			path = CameraTests;
			sourceTree = "<group>";
		};
		D43159B325A58447003A5829 /* CameraUITests */ = {
			isa = PBXGroup;
			children = (
				D43159B425A58447003A5829 /* CameraUITests.swift */,
				D43159B625A58447003A5829 /* Info.plist */,
			);
			path = CameraUITests;
			sourceTree = "<group>";
		};
/* End PBXGroup section */

/* Begin PBXNativeTarget section */
		D431598E25A58444003A5829 /* Camera */ = {
			isa = PBXNativeTarget;
			buildConfigurationList = D43159B925A58447003A5829 /* Build configuration list for PBXNativeTarget "Camera" */;
			buildPhases = (
				D431598B25A58444003A5829 /* Sources */,
				D431598C25A58444003A5829 /* Frameworks */,
				D431598D25A58444003A5829 /* Resources */,
			);
			buildRules = (
			);
			dependencies = (
			);
			name = Camera;
			productName = Camera;
			productReference = D431598F25A58444003A5829 /* Camera.app */;
			productType = "com.apple.product-type.application";
		};
		D43159A425A58447003A5829 /* CameraTests */ = {
			isa = PBXNativeTarget;
			buildConfigurationList = D43159BC25A58447003A5829 /* Build configuration list for PBXNativeTarget "CameraTests" */;
			buildPhases = (
				D43159A125A58447003A5829 /* Sources */,
				D43159A225A58447003A5829 /* Frameworks */,
				D43159A325A58447003A5829 /* Resources */,
			);
			buildRules = (
			);
			dependencies = (
				D43159A725A58447003A5829 /* PBXTargetDependency */,
			);
			name = CameraTests;
			productName = CameraTests;
			productReference = D43159A525A58447003A5829 /* CameraTests.xctest */;
			productType = "com.apple.product-type.bundle.unit-test";
		};
		D43159AF25A58447003A5829 /* CameraUITests */ = {
			isa = PBXNativeTarget;
			buildConfigurationList = D43159BF25A58447003A5829 /* Build configuration list for PBXNativeTarget "CameraUITests" */;
			buildPhases = (
				D43159AC25A58447003A5829 /* Sources */,
				D43159AD25A58447003A5829 /* Frameworks */,
				D43159AE25A58447003A5829 /* Resources */,
			);
			buildRules = (
			);
			dependencies = (
				D43159B225A58447003A5829 /* PBXTargetDependency */,
			);
			name = CameraUITests;
			productName = CameraUITests;
			productReference = D43159B025A58447003A5829 /* CameraUITests.xctest */;
			productType = "com.apple.product-type.bundle.ui-testing";
		};
/* End PBXNativeTarget section */

/* Begin PBXProject section */
		D431598725A58444003A5829 /* Project object */ = {
			isa = PBXProject;
			attributes = {
				LastSwiftUpdateCheck = 1220;
				LastUpgradeCheck = 1220;
				TargetAttributes = {
					D431598E25A58444003A5829 = {
						CreatedOnToolsVersion = 12.2;
					};
					D43159A425A58447003A5829 = {
						CreatedOnToolsVersion = 12.2;
						TestTargetID = D431598E25A58444003A5829;
					};
					D43159AF25A58447003A5829 = {
						CreatedOnToolsVersion = 12.2;
						TestTargetID = D431598E25A58444003A5829;
					};
				};
			};
			buildConfigurationList = D431598A25A58444003A5829 /* Build configuration list for PBXProject "Camera" */;
			compatibilityVersion = "Xcode 9.3";
			developmentRegion = en;
			hasScannedForEncodings = 0;
			knownRegions = (
				en,
				Base,
			);
			mainGroup = D431598625A58444003A5829;
			productRefGroup = D431599025A58444003A5829 /* Products */;
			projectDirPath = "";
			projectRoot = "";
			targets = (
				D431598E25A58444003A5829 /* Camera */,
				D43159A425A58447003A5829 /* CameraTests */,
				D43159AF25A58447003A5829 /* CameraUITests */,
			);
		};
/* End PBXProject section */

/* Begin PBXResourcesBuildPhase section */
		D431598D25A58444003A5829 /* Resources */ = {
			isa = PBXResourcesBuildPhase;
			buildActionMask = 2147483647;
			files = (
				D431599F25A58446003A5829 /* LaunchScreen.storyboard in Resources */,
				D431599C25A58446003A5829 /* Assets.xcassets in Resources */,
				D431599A25A58444003A5829 /* Main.storyboard in Resources */,
			);
			runOnlyForDeploymentPostprocessing = 0;
		};
		D43159A325A58447003A5829 /* Resources */ = {
			isa = PBXResourcesBuildPhase;
			buildActionMask = 2147483647;
			files = (
			);
			runOnlyForDeploymentPostprocessing = 0;
		};
		D43159AE25A58447003A5829 /* Resources */ = {
			isa = PBXResourcesBuildPhase;
			buildActionMask = 2147483647;
			files = (
			);
			runOnlyForDeploymentPostprocessing = 0;
		};
/* End PBXResourcesBuildPhase section */

/* Begin PBXSourcesBuildPhase section */
		D431598B25A58444003A5829 /* Sources */ = {
			isa = PBXSourcesBuildPhase;
			buildActionMask = 2147483647;
			files = (
				D4DCB55225C9881C00246A05 /* GreenViewController.swift in Sources */,
				D4DCB54D25C9880F00246A05 /* YellowViewController.swift in Sources */,
				D431599725A58444003A5829 /* ViewController.swift in Sources */,
				D431599325A58444003A5829 /* AppDelegate.swift in Sources */,
				D4DCB55725C9882700246A05 /* PinkViewController.swift in Sources */,
				D4315A2225BC5616003A5829 /* ContinuousViewController.swift in Sources */,
				D4DCB55C25C9883B00246A05 /* PurpleViewController.swift in Sources */,
				D431599525A58444003A5829 /* SceneDelegate.swift in Sources */,
				D4DCB54325C93C2400246A05 /* RedViewController.swift in Sources */,
				D4315A1D25BC46A3003A5829 /* InnerViewController.swift in Sources */,
				D4DCB54825C9880000246A05 /* BlueViewController.swift in Sources */,
			);
			runOnlyForDeploymentPostprocessing = 0;
		};
		D43159A125A58447003A5829 /* Sources */ = {
			isa = PBXSourcesBuildPhase;
			buildActionMask = 2147483647;
			files = (
				D43159AA25A58447003A5829 /* CameraTests.swift in Sources */,
			);
			runOnlyForDeploymentPostprocessing = 0;
		};
		D43159AC25A58447003A5829 /* Sources */ = {
			isa = PBXSourcesBuildPhase;
			buildActionMask = 2147483647;
			files = (
				D43159B525A58447003A5829 /* CameraUITests.swift in Sources */,
			);
			runOnlyForDeploymentPostprocessing = 0;
		};
/* End PBXSourcesBuildPhase section */

/* Begin PBXTargetDependency section */
		D43159A725A58447003A5829 /* PBXTargetDependency */ = {
			isa = PBXTargetDependency;
			target = D431598E25A58444003A5829 /* Camera */;
			targetProxy = D43159A625A58447003A5829 /* PBXContainerItemProxy */;
		};
		D43159B225A58447003A5829 /* PBXTargetDependency */ = {
			isa = PBXTargetDependency;
			target = D431598E25A58444003A5829 /* Camera */;
			targetProxy = D43159B125A58447003A5829 /* PBXContainerItemProxy */;
		};
/* End PBXTargetDependency section */

/* Begin PBXVariantGroup section */
		D431599825A58444003A5829 /* Main.storyboard */ = {
			isa = PBXVariantGroup;
			children = (
				D431599925A58444003A5829 /* Base */,
			);
			name = Main.storyboard;
			sourceTree = "<group>";
		};
		D431599D25A58446003A5829 /* LaunchScreen.storyboard */ = {
			isa = PBXVariantGroup;
			children = (
				D431599E25A58446003A5829 /* Base */,
			);
			name = LaunchScreen.storyboard;
			sourceTree = "<group>";
		};
/* End PBXVariantGroup section */

/* Begin XCBuildConfiguration section */
		D43159B725A58447003A5829 /* Debug */ = {
			isa = XCBuildConfiguration;
			buildSettings = {
				ALWAYS_SEARCH_USER_PATHS = NO;
				CLANG_ANALYZER_NONNULL = YES;
				CLANG_ANALYZER_NUMBER_OBJECT_CONVERSION = YES_AGGRESSIVE;
				CLANG_CXX_LANGUAGE_STANDARD = "gnu++14";
				CLANG_CXX_LIBRARY = "libc++";
				CLANG_ENABLE_MODULES = YES;
				CLANG_ENABLE_OBJC_ARC = YES;
				CLANG_ENABLE_OBJC_WEAK = YES;
				CLANG_WARN_BLOCK_CAPTURE_AUTORELEASING = YES;
				CLANG_WARN_BOOL_CONVERSION = YES;
				CLANG_WARN_COMMA = YES;
				CLANG_WARN_CONSTANT_CONVERSION = YES;
				CLANG_WARN_DEPRECATED_OBJC_IMPLEMENTATIONS = YES;
				CLANG_WARN_DIRECT_OBJC_ISA_USAGE = YES_ERROR;
				CLANG_WARN_DOCUMENTATION_COMMENTS = YES;
				CLANG_WARN_EMPTY_BODY = YES;
				CLANG_WARN_ENUM_CONVERSION = YES;
				CLANG_WARN_INFINITE_RECURSION = YES;
				CLANG_WARN_INT_CONVERSION = YES;
				CLANG_WARN_NON_LITERAL_NULL_CONVERSION = YES;
				CLANG_WARN_OBJC_IMPLICIT_RETAIN_SELF = YES;
				CLANG_WARN_OBJC_LITERAL_CONVERSION = YES;
				CLANG_WARN_OBJC_ROOT_CLASS = YES_ERROR;
				CLANG_WARN_QUOTED_INCLUDE_IN_FRAMEWORK_HEADER = YES;
				CLANG_WARN_RANGE_LOOP_ANALYSIS = YES;
				CLANG_WARN_STRICT_PROTOTYPES = YES;
				CLANG_WARN_SUSPICIOUS_MOVE = YES;
				CLANG_WARN_UNGUARDED_AVAILABILITY = YES_AGGRESSIVE;
				CLANG_WARN_UNREACHABLE_CODE = YES;
				CLANG_WARN__DUPLICATE_METHOD_MATCH = YES;
				COPY_PHASE_STRIP = NO;
				DEBUG_INFORMATION_FORMAT = dwarf;
				ENABLE_STRICT_OBJC_MSGSEND = YES;
				ENABLE_TESTABILITY = YES;
				GCC_C_LANGUAGE_STANDARD = gnu11;
				GCC_DYNAMIC_NO_PIC = NO;
				GCC_NO_COMMON_BLOCKS = YES;
				GCC_OPTIMIZATION_LEVEL = 0;
				GCC_PREPROCESSOR_DEFINITIONS = (
					"DEBUG=1",
					"$(inherited)",
				);
				GCC_WARN_64_TO_32_BIT_CONVERSION = YES;
				GCC_WARN_ABOUT_RETURN_TYPE = YES_ERROR;
				GCC_WARN_UNDECLARED_SELECTOR = YES;
				GCC_WARN_UNINITIALIZED_AUTOS = YES_AGGRESSIVE;
				GCC_WARN_UNUSED_FUNCTION = YES;
				GCC_WARN_UNUSED_VARIABLE = YES;
				IPHONEOS_DEPLOYMENT_TARGET = 14.2;
				MTL_ENABLE_DEBUG_INFO = INCLUDE_SOURCE;
				MTL_FAST_MATH = YES;
				ONLY_ACTIVE_ARCH = YES;
				SDKROOT = iphoneos;
				SWIFT_ACTIVE_COMPILATION_CONDITIONS = DEBUG;
				SWIFT_OPTIMIZATION_LEVEL = "-Onone";
			};
			name = Debug;
		};
		D43159B825A58447003A5829 /* Release */ = {
			isa = XCBuildConfiguration;
			buildSettings = {
				ALWAYS_SEARCH_USER_PATHS = NO;
				CLANG_ANALYZER_NONNULL = YES;
				CLANG_ANALYZER_NUMBER_OBJECT_CONVERSION = YES_AGGRESSIVE;
				CLANG_CXX_LANGUAGE_STANDARD = "gnu++14";
				CLANG_CXX_LIBRARY = "libc++";
				CLANG_ENABLE_MODULES = YES;
				CLANG_ENABLE_OBJC_ARC = YES;
				CLANG_ENABLE_OBJC_WEAK = YES;
				CLANG_WARN_BLOCK_CAPTURE_AUTORELEASING = YES;
				CLANG_WARN_BOOL_CONVERSION = YES;
				CLANG_WARN_COMMA = YES;
				CLANG_WARN_CONSTANT_CONVERSION = YES;
				CLANG_WARN_DEPRECATED_OBJC_IMPLEMENTATIONS = YES;
				CLANG_WARN_DIRECT_OBJC_ISA_USAGE = YES_ERROR;
				CLANG_WARN_DOCUMENTATION_COMMENTS = YES;
				CLANG_WARN_EMPTY_BODY = YES;
				CLANG_WARN_ENUM_CONVERSION = YES;
				CLANG_WARN_INFINITE_RECURSION = YES;
				CLANG_WARN_INT_CONVERSION = YES;
				CLANG_WARN_NON_LITERAL_NULL_CONVERSION = YES;
				CLANG_WARN_OBJC_IMPLICIT_RETAIN_SELF = YES;
				CLANG_WARN_OBJC_LITERAL_CONVERSION = YES;
				CLANG_WARN_OBJC_ROOT_CLASS = YES_ERROR;
				CLANG_WARN_QUOTED_INCLUDE_IN_FRAMEWORK_HEADER = YES;
				CLANG_WARN_RANGE_LOOP_ANALYSIS = YES;
				CLANG_WARN_STRICT_PROTOTYPES = YES;
				CLANG_WARN_SUSPICIOUS_MOVE = YES;
				CLANG_WARN_UNGUARDED_AVAILABILITY = YES_AGGRESSIVE;
				CLANG_WARN_UNREACHABLE_CODE = YES;
				CLANG_WARN__DUPLICATE_METHOD_MATCH = YES;
				COPY_PHASE_STRIP = NO;
				DEBUG_INFORMATION_FORMAT = "dwarf-with-dsym";
				ENABLE_NS_ASSERTIONS = NO;
				ENABLE_STRICT_OBJC_MSGSEND = YES;
				GCC_C_LANGUAGE_STANDARD = gnu11;
				GCC_NO_COMMON_BLOCKS = YES;
				GCC_WARN_64_TO_32_BIT_CONVERSION = YES;
				GCC_WARN_ABOUT_RETURN_TYPE = YES_ERROR;
				GCC_WARN_UNDECLARED_SELECTOR = YES;
				GCC_WARN_UNINITIALIZED_AUTOS = YES_AGGRESSIVE;
				GCC_WARN_UNUSED_FUNCTION = YES;
				GCC_WARN_UNUSED_VARIABLE = YES;
				IPHONEOS_DEPLOYMENT_TARGET = 14.2;
				MTL_ENABLE_DEBUG_INFO = NO;
				MTL_FAST_MATH = YES;
				SDKROOT = iphoneos;
				SWIFT_COMPILATION_MODE = wholemodule;
				SWIFT_OPTIMIZATION_LEVEL = "-O";
				VALIDATE_PRODUCT = YES;
			};
			name = Release;
		};
		D43159BA25A58447003A5829 /* Debug */ = {
			isa = XCBuildConfiguration;
			buildSettings = {
				ASSETCATALOG_COMPILER_APPICON_NAME = AppIcon;
				ASSETCATALOG_COMPILER_GLOBAL_ACCENT_COLOR_NAME = AccentColor;
				CODE_SIGN_STYLE = Automatic;
				DEVELOPMENT_TEAM = Y9WPGC9NYB;
				INFOPLIST_FILE = Camera/Info.plist;
				LD_RUNPATH_SEARCH_PATHS = (
					"$(inherited)",
					"@executable_path/Frameworks",
				);
				PRODUCT_BUNDLE_IDENTIFIER = kakeru.geek.Camera;
				PRODUCT_NAME = "$(TARGET_NAME)";
				SWIFT_VERSION = 5.0;
				TARGETED_DEVICE_FAMILY = 1;
			};
			name = Debug;
		};
		D43159BB25A58447003A5829 /* Release */ = {
			isa = XCBuildConfiguration;
			buildSettings = {
				ASSETCATALOG_COMPILER_APPICON_NAME = AppIcon;
				ASSETCATALOG_COMPILER_GLOBAL_ACCENT_COLOR_NAME = AccentColor;
				CODE_SIGN_STYLE = Automatic;
				DEVELOPMENT_TEAM = Y9WPGC9NYB;
				INFOPLIST_FILE = Camera/Info.plist;
				LD_RUNPATH_SEARCH_PATHS = (
					"$(inherited)",
					"@executable_path/Frameworks",
				);
				PRODUCT_BUNDLE_IDENTIFIER = kakeru.geek.Camera;
				PRODUCT_NAME = "$(TARGET_NAME)";
				SWIFT_VERSION = 5.0;
				TARGETED_DEVICE_FAMILY = 1;
			};
			name = Release;
		};
		D43159BD25A58447003A5829 /* Debug */ = {
			isa = XCBuildConfiguration;
			buildSettings = {
				ALWAYS_EMBED_SWIFT_STANDARD_LIBRARIES = YES;
				BUNDLE_LOADER = "$(TEST_HOST)";
				CODE_SIGN_STYLE = Automatic;
				INFOPLIST_FILE = CameraTests/Info.plist;
				IPHONEOS_DEPLOYMENT_TARGET = 14.2;
				LD_RUNPATH_SEARCH_PATHS = (
					"$(inherited)",
					"@executable_path/Frameworks",
					"@loader_path/Frameworks",
				);
				PRODUCT_BUNDLE_IDENTIFIER = kakeru.geek.CameraTests;
				PRODUCT_NAME = "$(TARGET_NAME)";
				SWIFT_VERSION = 5.0;
				TARGETED_DEVICE_FAMILY = "1,2";
				TEST_HOST = "$(BUILT_PRODUCTS_DIR)/Camera.app/Camera";
			};
			name = Debug;
		};
		D43159BE25A58447003A5829 /* Release */ = {
			isa = XCBuildConfiguration;
			buildSettings = {
				ALWAYS_EMBED_SWIFT_STANDARD_LIBRARIES = YES;
				BUNDLE_LOADER = "$(TEST_HOST)";
				CODE_SIGN_STYLE = Automatic;
				INFOPLIST_FILE = CameraTests/Info.plist;
				IPHONEOS_DEPLOYMENT_TARGET = 14.2;
				LD_RUNPATH_SEARCH_PATHS = (
					"$(inherited)",
					"@executable_path/Frameworks",
					"@loader_path/Frameworks",
				);
				PRODUCT_BUNDLE_IDENTIFIER = kakeru.geek.CameraTests;
				PRODUCT_NAME = "$(TARGET_NAME)";
				SWIFT_VERSION = 5.0;
				TARGETED_DEVICE_FAMILY = "1,2";
				TEST_HOST = "$(BUILT_PRODUCTS_DIR)/Camera.app/Camera";
			};
			name = Release;
		};
		D43159C025A58447003A5829 /* Debug */ = {
			isa = XCBuildConfiguration;
			buildSettings = {
				ALWAYS_EMBED_SWIFT_STANDARD_LIBRARIES = YES;
				CODE_SIGN_STYLE = Automatic;
				INFOPLIST_FILE = CameraUITests/Info.plist;
				LD_RUNPATH_SEARCH_PATHS = (
					"$(inherited)",
					"@executable_path/Frameworks",
					"@loader_path/Frameworks",
				);
				PRODUCT_BUNDLE_IDENTIFIER = kakeru.geek.CameraUITests;
				PRODUCT_NAME = "$(TARGET_NAME)";
				SWIFT_VERSION = 5.0;
				TARGETED_DEVICE_FAMILY = "1,2";
				TEST_TARGET_NAME = Camera;
			};
			name = Debug;
		};
		D43159C125A58447003A5829 /* Release */ = {
			isa = XCBuildConfiguration;
			buildSettings = {
				ALWAYS_EMBED_SWIFT_STANDARD_LIBRARIES = YES;
				CODE_SIGN_STYLE = Automatic;
				INFOPLIST_FILE = CameraUITests/Info.plist;
				LD_RUNPATH_SEARCH_PATHS = (
					"$(inherited)",
					"@executable_path/Frameworks",
					"@loader_path/Frameworks",
				);
				PRODUCT_BUNDLE_IDENTIFIER = kakeru.geek.CameraUITests;
				PRODUCT_NAME = "$(TARGET_NAME)";
				SWIFT_VERSION = 5.0;
				TARGETED_DEVICE_FAMILY = "1,2";
				TEST_TARGET_NAME = Camera;
			};
			name = Release;
		};
/* End XCBuildConfiguration section */

/* Begin XCConfigurationList section */
		D431598A25A58444003A5829 /* Build configuration list for PBXProject "Camera" */ = {
			isa = XCConfigurationList;
			buildConfigurations = (
				D43159B725A58447003A5829 /* Debug */,
				D43159B825A58447003A5829 /* Release */,
			);
			defaultConfigurationIsVisible = 0;
			defaultConfigurationName = Release;
		};
		D43159B925A58447003A5829 /* Build configuration list for PBXNativeTarget "Camera" */ = {
			isa = XCConfigurationList;
			buildConfigurations = (
				D43159BA25A58447003A5829 /* Debug */,
				D43159BB25A58447003A5829 /* Release */,
			);
			defaultConfigurationIsVisible = 0;
			defaultConfigurationName = Release;
		};
		D43159BC25A58447003A5829 /* Build configuration list for PBXNativeTarget "CameraTests" */ = {
			isa = XCConfigurationList;
			buildConfigurations = (
				D43159BD25A58447003A5829 /* Debug */,
				D43159BE25A58447003A5829 /* Release */,
			);
			defaultConfigurationIsVisible = 0;
			defaultConfigurationName = Release;
		};
		D43159BF25A58447003A5829 /* Build configuration list for PBXNativeTarget "CameraUITests" */ = {
			isa = XCConfigurationList;
			buildConfigurations = (
				D43159C025A58447003A5829 /* Debug */,
				D43159C125A58447003A5829 /* Release */,
			);
			defaultConfigurationIsVisible = 0;
			defaultConfigurationName = Release;
		};
/* End XCConfigurationList section */
	};
	rootObject = D431598725A58444003A5829 /* Project object */;
}
